
Microsoft Visual Studio Solution File, Format Version 12.00
# Visual Studio Version 16
VisualStudioVersion = 16.0.32106.194
MinimumVisualStudioVersion = 10.0.40219.1
Project("{FAE04EC0-301F-11D3-BF4B-00C04F79EFBC}") = "CodingInterviewPrep", "CodingInterviewPrep\CodingInterviewPrep.csproj", "{A5C3800B-F338-4C04-B991-4A7265DCEC6F}"
EndProject
Global
	GlobalSection(SolutionConfigurationPlatforms) = preSolution
		Debug|Any CPU = Debug|Any CPU
		Release|Any CPU = Release|Any CPU
	EndGlobalSection
	GlobalSection(ProjectConfigurationPlatforms) = postSolution
		{A5C3800B-F338-4C04-B991-4A7265DCEC6F}.Debug|Any CPU.ActiveCfg = Debug|Any CPU
		{A5C3800B-F338-4C04-B991-4A7265DCEC6F}.Debug|Any CPU.Build.0 = Debug|Any CPU
		{A5C3800B-F338-4C04-B991-4A7265DCEC6F}.Release|Any CPU.ActiveCfg = Release|Any CPU
		{A5C3800B-F338-4C04-B991-4A7265DCEC6F}.Release|Any CPU.Build.0 = Release|Any CPU
	EndGlobalSection
	GlobalSection(SolutionProperties) = preSolution
		HideSolutionNode = FALSE
	EndGlobalSection
	GlobalSection(ExtensibilityGlobals) = postSolution
		SolutionGuid = {DED02318-3C38-48EF-9C8C-3C6BC66334DF}
	EndGlobalSection
EndGlobal
